// !$*UTF8*$!
{
	archiveVersion = 1;
	classes = {
	};
	objectVersion = 51;
	objects = {

/* Begin PBXBuildFile section */
		421939465EDB794BF059F40A /* Pods_WatchListUITests.framework in Frameworks */ = {isa = PBXBuildFile; fileRef = 90A99509A6DDCAFBB5A20903 /* Pods_WatchListUITests.framework */; };
		547DE8B1A9873748B388B34F /* Pods_WatchList.framework in Frameworks */ = {isa = PBXBuildFile; fileRef = F1C407378219095C87120C8F /* Pods_WatchList.framework */; };
		71D02CD327E07E61ED934F9E /* Pods_WatchListTests.framework in Frameworks */ = {isa = PBXBuildFile; fileRef = 486CCE10DD1F619CD0057380 /* Pods_WatchListTests.framework */; };
		C3E70370232D2312007B1CD5 /* AppDelegate.swift in Sources */ = {isa = PBXBuildFile; fileRef = C3E7036F232D2312007B1CD5 /* AppDelegate.swift */; };
		C3E70377232D2313007B1CD5 /* Assets.xcassets in Resources */ = {isa = PBXBuildFile; fileRef = C3E70376232D2313007B1CD5 /* Assets.xcassets */; };
		C3E7037A232D2313007B1CD5 /* LaunchScreen.storyboard in Resources */ = {isa = PBXBuildFile; fileRef = C3E70378232D2313007B1CD5 /* LaunchScreen.storyboard */; };
		C3E70385232D2313007B1CD5 /* WatchListTests.swift in Sources */ = {isa = PBXBuildFile; fileRef = C3E70384232D2313007B1CD5 /* WatchListTests.swift */; };
		C3E70390232D2313007B1CD5 /* WatchListUITests.swift in Sources */ = {isa = PBXBuildFile; fileRef = C3E7038F232D2313007B1CD5 /* WatchListUITests.swift */; };
		C3E703A4232D275F007B1CD5 /* Coordinator.swift in Sources */ = {isa = PBXBuildFile; fileRef = C3E703A3232D275F007B1CD5 /* Coordinator.swift */; };
		C3E703A6232D27BB007B1CD5 /* AppCoordinator.swift in Sources */ = {isa = PBXBuildFile; fileRef = C3E703A5232D27BB007B1CD5 /* AppCoordinator.swift */; };
		C3E703AA232D28F9007B1CD5 /* MoviesListCoordinator.swift in Sources */ = {isa = PBXBuildFile; fileRef = C3E703A9232D28F9007B1CD5 /* MoviesListCoordinator.swift */; };
		C3E703AC232D2971007B1CD5 /* MoviesList.storyboard in Resources */ = {isa = PBXBuildFile; fileRef = C3E703AB232D2971007B1CD5 /* MoviesList.storyboard */; };
		C3E703AE232D2A44007B1CD5 /* MoviesListViewController.swift in Sources */ = {isa = PBXBuildFile; fileRef = C3E703AD232D2A44007B1CD5 /* MoviesListViewController.swift */; };
		C3E703B0232D2C33007B1CD5 /* MoviesListViewModel.swift in Sources */ = {isa = PBXBuildFile; fileRef = C3E703AF232D2C33007B1CD5 /* MoviesListViewModel.swift */; };
		C3E703B3232D2E18007B1CD5 /* MovieCollectionViewCell.swift in Sources */ = {isa = PBXBuildFile; fileRef = C3E703B2232D2E18007B1CD5 /* MovieCollectionViewCell.swift */; };
/* End PBXBuildFile section */

/* Begin PBXContainerItemProxy section */
		C3E70381232D2313007B1CD5 /* PBXContainerItemProxy */ = {
			isa = PBXContainerItemProxy;
			containerPortal = C3E70364232D2312007B1CD5 /* Project object */;
			proxyType = 1;
			remoteGlobalIDString = C3E7036B232D2312007B1CD5;
			remoteInfo = WatchList;
		};
		C3E7038C232D2313007B1CD5 /* PBXContainerItemProxy */ = {
			isa = PBXContainerItemProxy;
			containerPortal = C3E70364232D2312007B1CD5 /* Project object */;
			proxyType = 1;
			remoteGlobalIDString = C3E7036B232D2312007B1CD5;
			remoteInfo = WatchList;
		};
/* End PBXContainerItemProxy section */

/* Begin PBXFileReference section */
		1E79B04F1C3AEDCC268E672D /* Pods-WatchListUITests.debug.xcconfig */ = {isa = PBXFileReference; includeInIndex = 1; lastKnownFileType = text.xcconfig; name = "Pods-WatchListUITests.debug.xcconfig"; path = "Target Support Files/Pods-WatchListUITests/Pods-WatchListUITests.debug.xcconfig"; sourceTree = "<group>"; };
		2B4410D1943882E05A218998 /* Pods-WatchList.release.xcconfig */ = {isa = PBXFileReference; includeInIndex = 1; lastKnownFileType = text.xcconfig; name = "Pods-WatchList.release.xcconfig"; path = "Target Support Files/Pods-WatchList/Pods-WatchList.release.xcconfig"; sourceTree = "<group>"; };
		486CCE10DD1F619CD0057380 /* Pods_WatchListTests.framework */ = {isa = PBXFileReference; explicitFileType = wrapper.framework; includeInIndex = 0; path = Pods_WatchListTests.framework; sourceTree = BUILT_PRODUCTS_DIR; };
		6977E2D2A7E900D133494471 /* Pods-WatchListUITests.release.xcconfig */ = {isa = PBXFileReference; includeInIndex = 1; lastKnownFileType = text.xcconfig; name = "Pods-WatchListUITests.release.xcconfig"; path = "Target Support Files/Pods-WatchListUITests/Pods-WatchListUITests.release.xcconfig"; sourceTree = "<group>"; };
		6FD06A7BF824559D5BD75D51 /* Pods-WatchList.debug.xcconfig */ = {isa = PBXFileReference; includeInIndex = 1; lastKnownFileType = text.xcconfig; name = "Pods-WatchList.debug.xcconfig"; path = "Target Support Files/Pods-WatchList/Pods-WatchList.debug.xcconfig"; sourceTree = "<group>"; };
		72522CF4DEAC569E5C7C0608 /* Pods-WatchListTests.release.xcconfig */ = {isa = PBXFileReference; includeInIndex = 1; lastKnownFileType = text.xcconfig; name = "Pods-WatchListTests.release.xcconfig"; path = "Target Support Files/Pods-WatchListTests/Pods-WatchListTests.release.xcconfig"; sourceTree = "<group>"; };
		90A99509A6DDCAFBB5A20903 /* Pods_WatchListUITests.framework */ = {isa = PBXFileReference; explicitFileType = wrapper.framework; includeInIndex = 0; path = Pods_WatchListUITests.framework; sourceTree = BUILT_PRODUCTS_DIR; };
		9F9B7676F311EF8DD25B2A13 /* Pods-WatchListTests.debug.xcconfig */ = {isa = PBXFileReference; includeInIndex = 1; lastKnownFileType = text.xcconfig; name = "Pods-WatchListTests.debug.xcconfig"; path = "Target Support Files/Pods-WatchListTests/Pods-WatchListTests.debug.xcconfig"; sourceTree = "<group>"; };
		C3E7036C232D2312007B1CD5 /* WatchList.app */ = {isa = PBXFileReference; explicitFileType = wrapper.application; includeInIndex = 0; path = WatchList.app; sourceTree = BUILT_PRODUCTS_DIR; };
		C3E7036F232D2312007B1CD5 /* AppDelegate.swift */ = {isa = PBXFileReference; lastKnownFileType = sourcecode.swift; path = AppDelegate.swift; sourceTree = "<group>"; };
		C3E70376232D2313007B1CD5 /* Assets.xcassets */ = {isa = PBXFileReference; lastKnownFileType = folder.assetcatalog; path = Assets.xcassets; sourceTree = "<group>"; };
		C3E70379232D2313007B1CD5 /* Base */ = {isa = PBXFileReference; lastKnownFileType = file.storyboard; name = Base; path = Base.lproj/LaunchScreen.storyboard; sourceTree = "<group>"; };
		C3E7037B232D2313007B1CD5 /* Info.plist */ = {isa = PBXFileReference; lastKnownFileType = text.plist.xml; path = Info.plist; sourceTree = "<group>"; };
		C3E70380232D2313007B1CD5 /* WatchListTests.xctest */ = {isa = PBXFileReference; explicitFileType = wrapper.cfbundle; includeInIndex = 0; path = WatchListTests.xctest; sourceTree = BUILT_PRODUCTS_DIR; };
		C3E70384232D2313007B1CD5 /* WatchListTests.swift */ = {isa = PBXFileReference; lastKnownFileType = sourcecode.swift; path = WatchListTests.swift; sourceTree = "<group>"; };
		C3E70386232D2313007B1CD5 /* Info.plist */ = {isa = PBXFileReference; lastKnownFileType = text.plist.xml; path = Info.plist; sourceTree = "<group>"; };
		C3E7038B232D2313007B1CD5 /* WatchListUITests.xctest */ = {isa = PBXFileReference; explicitFileType = wrapper.cfbundle; includeInIndex = 0; path = WatchListUITests.xctest; sourceTree = BUILT_PRODUCTS_DIR; };
		C3E7038F232D2313007B1CD5 /* WatchListUITests.swift */ = {isa = PBXFileReference; lastKnownFileType = sourcecode.swift; path = WatchListUITests.swift; sourceTree = "<group>"; };
		C3E70391232D2313007B1CD5 /* Info.plist */ = {isa = PBXFileReference; lastKnownFileType = text.plist.xml; path = Info.plist; sourceTree = "<group>"; };
		C3E703A3232D275F007B1CD5 /* Coordinator.swift */ = {isa = PBXFileReference; lastKnownFileType = sourcecode.swift; path = Coordinator.swift; sourceTree = "<group>"; };
		C3E703A5232D27BB007B1CD5 /* AppCoordinator.swift */ = {isa = PBXFileReference; lastKnownFileType = sourcecode.swift; path = AppCoordinator.swift; sourceTree = "<group>"; };
		C3E703A9232D28F9007B1CD5 /* MoviesListCoordinator.swift */ = {isa = PBXFileReference; lastKnownFileType = sourcecode.swift; path = MoviesListCoordinator.swift; sourceTree = "<group>"; };
		C3E703AB232D2971007B1CD5 /* MoviesList.storyboard */ = {isa = PBXFileReference; lastKnownFileType = file.storyboard; path = MoviesList.storyboard; sourceTree = "<group>"; };
		C3E703AD232D2A44007B1CD5 /* MoviesListViewController.swift */ = {isa = PBXFileReference; lastKnownFileType = sourcecode.swift; path = MoviesListViewController.swift; sourceTree = "<group>"; };
		C3E703AF232D2C33007B1CD5 /* MoviesListViewModel.swift */ = {isa = PBXFileReference; lastKnownFileType = sourcecode.swift; path = MoviesListViewModel.swift; sourceTree = "<group>"; };
		C3E703B2232D2E18007B1CD5 /* MovieCollectionViewCell.swift */ = {isa = PBXFileReference; lastKnownFileType = sourcecode.swift; path = MovieCollectionViewCell.swift; sourceTree = "<group>"; };
		F1C407378219095C87120C8F /* Pods_WatchList.framework */ = {isa = PBXFileReference; explicitFileType = wrapper.framework; includeInIndex = 0; path = Pods_WatchList.framework; sourceTree = BUILT_PRODUCTS_DIR; };
/* End PBXFileReference section */

/* Begin PBXFrameworksBuildPhase section */
		C3E70369232D2312007B1CD5 /* Frameworks */ = {
			isa = PBXFrameworksBuildPhase;
			buildActionMask = 2147483647;
			files = (
				547DE8B1A9873748B388B34F /* Pods_WatchList.framework in Frameworks */,
			);
			runOnlyForDeploymentPostprocessing = 0;
		};
		C3E7037D232D2313007B1CD5 /* Frameworks */ = {
			isa = PBXFrameworksBuildPhase;
			buildActionMask = 2147483647;
			files = (
				71D02CD327E07E61ED934F9E /* Pods_WatchListTests.framework in Frameworks */,
			);
			runOnlyForDeploymentPostprocessing = 0;
		};
		C3E70388232D2313007B1CD5 /* Frameworks */ = {
			isa = PBXFrameworksBuildPhase;
			buildActionMask = 2147483647;
			files = (
				421939465EDB794BF059F40A /* Pods_WatchListUITests.framework in Frameworks */,
			);
			runOnlyForDeploymentPostprocessing = 0;
		};
/* End PBXFrameworksBuildPhase section */

/* Begin PBXGroup section */
		62640FB29EC5A246F1F2A80B /* Pods */ = {
			isa = PBXGroup;
			children = (
				6FD06A7BF824559D5BD75D51 /* Pods-WatchList.debug.xcconfig */,
				2B4410D1943882E05A218998 /* Pods-WatchList.release.xcconfig */,
				9F9B7676F311EF8DD25B2A13 /* Pods-WatchListTests.debug.xcconfig */,
				72522CF4DEAC569E5C7C0608 /* Pods-WatchListTests.release.xcconfig */,
				1E79B04F1C3AEDCC268E672D /* Pods-WatchListUITests.debug.xcconfig */,
				6977E2D2A7E900D133494471 /* Pods-WatchListUITests.release.xcconfig */,
			);
			path = Pods;
			sourceTree = "<group>";
		};
		9E02F296E9084FBFD19C81B0 /* Frameworks */ = {
			isa = PBXGroup;
			children = (
				F1C407378219095C87120C8F /* Pods_WatchList.framework */,
				486CCE10DD1F619CD0057380 /* Pods_WatchListTests.framework */,
				90A99509A6DDCAFBB5A20903 /* Pods_WatchListUITests.framework */,
			);
			name = Frameworks;
			sourceTree = "<group>";
		};
		C3E70363232D2312007B1CD5 = {
			isa = PBXGroup;
			children = (
				C3E7036E232D2312007B1CD5 /* WatchList */,
				C3E70383232D2313007B1CD5 /* WatchListTests */,
				C3E7038E232D2313007B1CD5 /* WatchListUITests */,
				C3E7036D232D2312007B1CD5 /* Products */,
				62640FB29EC5A246F1F2A80B /* Pods */,
				9E02F296E9084FBFD19C81B0 /* Frameworks */,
			);
			sourceTree = "<group>";
		};
		C3E7036D232D2312007B1CD5 /* Products */ = {
			isa = PBXGroup;
			children = (
				C3E7036C232D2312007B1CD5 /* WatchList.app */,
				C3E70380232D2313007B1CD5 /* WatchListTests.xctest */,
				C3E7038B232D2313007B1CD5 /* WatchListUITests.xctest */,
			);
			name = Products;
			sourceTree = "<group>";
		};
		C3E7036E232D2312007B1CD5 /* WatchList */ = {
			isa = PBXGroup;
			children = (
				C3E7039D232D2699007B1CD5 /* App */,
				C3E7039E232D26B2007B1CD5 /* Coordinators */,
				C3E703A2232D26EB007B1CD5 /* ViewModels */,
				C3E7039F232D26C4007B1CD5 /* Views */,
				C3E7037B232D2313007B1CD5 /* Info.plist */,
			);
			path = WatchList;
			sourceTree = "<group>";
		};
		C3E70383232D2313007B1CD5 /* WatchListTests */ = {
			isa = PBXGroup;
			children = (
				C3E70384232D2313007B1CD5 /* WatchListTests.swift */,
				C3E70386232D2313007B1CD5 /* Info.plist */,
			);
			path = WatchListTests;
			sourceTree = "<group>";
		};
		C3E7038E232D2313007B1CD5 /* WatchListUITests */ = {
			isa = PBXGroup;
			children = (
				C3E7038F232D2313007B1CD5 /* WatchListUITests.swift */,
				C3E70391232D2313007B1CD5 /* Info.plist */,
			);
			path = WatchListUITests;
			sourceTree = "<group>";
		};
		C3E7039D232D2699007B1CD5 /* App */ = {
			isa = PBXGroup;
			children = (
				C3E7036F232D2312007B1CD5 /* AppDelegate.swift */,
				C3E70376232D2313007B1CD5 /* Assets.xcassets */,
				C3E70378232D2313007B1CD5 /* LaunchScreen.storyboard */,
			);
			path = App;
			sourceTree = "<group>";
		};
		C3E7039E232D26B2007B1CD5 /* Coordinators */ = {
			isa = PBXGroup;
			children = (
				C3E703A3232D275F007B1CD5 /* Coordinator.swift */,
				C3E703A5232D27BB007B1CD5 /* AppCoordinator.swift */,
				C3E703A9232D28F9007B1CD5 /* MoviesListCoordinator.swift */,
			);
			path = Coordinators;
			sourceTree = "<group>";
		};
		C3E7039F232D26C4007B1CD5 /* Views */ = {
			isa = PBXGroup;
			children = (
				C3E703AB232D2971007B1CD5 /* MoviesList.storyboard */,
				C3E703AD232D2A44007B1CD5 /* MoviesListViewController.swift */,
				C3E703B1232D2DFF007B1CD5 /* Cells */,
			);
			path = Views;
			sourceTree = "<group>";
		};
		C3E703A2232D26EB007B1CD5 /* ViewModels */ = {
			isa = PBXGroup;
			children = (
				C3E703AF232D2C33007B1CD5 /* MoviesListViewModel.swift */,
			);
			path = ViewModels;
			sourceTree = "<group>";
		};
		C3E703B1232D2DFF007B1CD5 /* Cells */ = {
			isa = PBXGroup;
			children = (
				C3E703B2232D2E18007B1CD5 /* MovieCollectionViewCell.swift */,
			);
			path = Cells;
			sourceTree = "<group>";
		};
/* End PBXGroup section */

/* Begin PBXNativeTarget section */
		C3E7036B232D2312007B1CD5 /* WatchList */ = {
			isa = PBXNativeTarget;
			buildConfigurationList = C3E70394232D2313007B1CD5 /* Build configuration list for PBXNativeTarget "WatchList" */;
			buildPhases = (
				CC9731AA8DBCF74C93312F40 /* [CP] Check Pods Manifest.lock */,
				C3E70368232D2312007B1CD5 /* Sources */,
				C3E70369232D2312007B1CD5 /* Frameworks */,
				C3E7036A232D2312007B1CD5 /* Resources */,
				89A299922B31EA792E137513 /* [CP] Embed Pods Frameworks */,
			);
			buildRules = (
			);
			dependencies = (
			);
			name = WatchList;
			productName = WatchList;
			productReference = C3E7036C232D2312007B1CD5 /* WatchList.app */;
			productType = "com.apple.product-type.application";
		};
		C3E7037F232D2313007B1CD5 /* WatchListTests */ = {
			isa = PBXNativeTarget;
			buildConfigurationList = C3E70397232D2313007B1CD5 /* Build configuration list for PBXNativeTarget "WatchListTests" */;
			buildPhases = (
				FC0336B9460AFEFC48ACFFB3 /* [CP] Check Pods Manifest.lock */,
				C3E7037C232D2313007B1CD5 /* Sources */,
				C3E7037D232D2313007B1CD5 /* Frameworks */,
				C3E7037E232D2313007B1CD5 /* Resources */,
			);
			buildRules = (
			);
			dependencies = (
				C3E70382232D2313007B1CD5 /* PBXTargetDependency */,
			);
			name = WatchListTests;
			productName = WatchListTests;
			productReference = C3E70380232D2313007B1CD5 /* WatchListTests.xctest */;
			productType = "com.apple.product-type.bundle.unit-test";
		};
		C3E7038A232D2313007B1CD5 /* WatchListUITests */ = {
			isa = PBXNativeTarget;
			buildConfigurationList = C3E7039A232D2313007B1CD5 /* Build configuration list for PBXNativeTarget "WatchListUITests" */;
			buildPhases = (
				6AFBDA80CDCE78F5B2D6FF6B /* [CP] Check Pods Manifest.lock */,
				C3E70387232D2313007B1CD5 /* Sources */,
				C3E70388232D2313007B1CD5 /* Frameworks */,
				C3E70389232D2313007B1CD5 /* Resources */,
			);
			buildRules = (
			);
			dependencies = (
				C3E7038D232D2313007B1CD5 /* PBXTargetDependency */,
			);
			name = WatchListUITests;
			productName = WatchListUITests;
			productReference = C3E7038B232D2313007B1CD5 /* WatchListUITests.xctest */;
			productType = "com.apple.product-type.bundle.ui-testing";
		};
/* End PBXNativeTarget section */

/* Begin PBXProject section */
		C3E70364232D2312007B1CD5 /* Project object */ = {
			isa = PBXProject;
			attributes = {
				LastSwiftUpdateCheck = 1020;
				LastUpgradeCheck = 1020;
				ORGANIZATIONNAME = SilvanoJunior;
				TargetAttributes = {
					C3E7036B232D2312007B1CD5 = {
						CreatedOnToolsVersion = 10.2.1;
					};
					C3E7037F232D2313007B1CD5 = {
						CreatedOnToolsVersion = 10.2.1;
						TestTargetID = C3E7036B232D2312007B1CD5;
					};
					C3E7038A232D2313007B1CD5 = {
						CreatedOnToolsVersion = 10.2.1;
						TestTargetID = C3E7036B232D2312007B1CD5;
					};
				};
			};
			buildConfigurationList = C3E70367232D2312007B1CD5 /* Build configuration list for PBXProject "WatchList" */;
			compatibilityVersion = "Xcode 9.3";
			developmentRegion = en;
			hasScannedForEncodings = 0;
			knownRegions = (
				en,
				Base,
			);
			mainGroup = C3E70363232D2312007B1CD5;
			productRefGroup = C3E7036D232D2312007B1CD5 /* Products */;
			projectDirPath = "";
			projectRoot = "";
			targets = (
				C3E7036B232D2312007B1CD5 /* WatchList */,
				C3E7037F232D2313007B1CD5 /* WatchListTests */,
				C3E7038A232D2313007B1CD5 /* WatchListUITests */,
			);
		};
/* End PBXProject section */

/* Begin PBXResourcesBuildPhase section */
		C3E7036A232D2312007B1CD5 /* Resources */ = {
			isa = PBXResourcesBuildPhase;
			buildActionMask = 2147483647;
			files = (
				C3E7037A232D2313007B1CD5 /* LaunchScreen.storyboard in Resources */,
				C3E70377232D2313007B1CD5 /* Assets.xcassets in Resources */,
				C3E703AC232D2971007B1CD5 /* MoviesList.storyboard in Resources */,
			);
			runOnlyForDeploymentPostprocessing = 0;
		};
		C3E7037E232D2313007B1CD5 /* Resources */ = {
			isa = PBXResourcesBuildPhase;
			buildActionMask = 2147483647;
			files = (
			);
			runOnlyForDeploymentPostprocessing = 0;
		};
		C3E70389232D2313007B1CD5 /* Resources */ = {
			isa = PBXResourcesBuildPhase;
			buildActionMask = 2147483647;
			files = (
			);
			runOnlyForDeploymentPostprocessing = 0;
		};
/* End PBXResourcesBuildPhase section */

/* Begin PBXShellScriptBuildPhase section */
		6AFBDA80CDCE78F5B2D6FF6B /* [CP] Check Pods Manifest.lock */ = {
			isa = PBXShellScriptBuildPhase;
			buildActionMask = 2147483647;
			files = (
			);
			inputFileListPaths = (
			);
			inputPaths = (
				"${PODS_PODFILE_DIR_PATH}/Podfile.lock",
				"${PODS_ROOT}/Manifest.lock",
			);
			name = "[CP] Check Pods Manifest.lock";
			outputFileListPaths = (
			);
			outputPaths = (
				"$(DERIVED_FILE_DIR)/Pods-WatchListUITests-checkManifestLockResult.txt",
			);
			runOnlyForDeploymentPostprocessing = 0;
			shellPath = /bin/sh;
			shellScript = "diff \"${PODS_PODFILE_DIR_PATH}/Podfile.lock\" \"${PODS_ROOT}/Manifest.lock\" > /dev/null\nif [ $? != 0 ] ; then\n    # print error to STDERR\n    echo \"error: The sandbox is not in sync with the Podfile.lock. Run 'pod install' or update your CocoaPods installation.\" >&2\n    exit 1\nfi\n# This output is used by Xcode 'outputs' to avoid re-running this script phase.\necho \"SUCCESS\" > \"${SCRIPT_OUTPUT_FILE_0}\"\n";
			showEnvVarsInLog = 0;
		};
		89A299922B31EA792E137513 /* [CP] Embed Pods Frameworks */ = {
			isa = PBXShellScriptBuildPhase;
			buildActionMask = 2147483647;
			files = (
			);
			inputFileListPaths = (
				"${PODS_ROOT}/Target Support Files/Pods-WatchList/Pods-WatchList-frameworks-${CONFIGURATION}-input-files.xcfilelist",
			);
			name = "[CP] Embed Pods Frameworks";
			outputFileListPaths = (
				"${PODS_ROOT}/Target Support Files/Pods-WatchList/Pods-WatchList-frameworks-${CONFIGURATION}-output-files.xcfilelist",
			);
			runOnlyForDeploymentPostprocessing = 0;
			shellPath = /bin/sh;
			shellScript = "\"${PODS_ROOT}/Target Support Files/Pods-WatchList/Pods-WatchList-frameworks.sh\"\n";
			showEnvVarsInLog = 0;
		};
		CC9731AA8DBCF74C93312F40 /* [CP] Check Pods Manifest.lock */ = {
			isa = PBXShellScriptBuildPhase;
			buildActionMask = 2147483647;
			files = (
			);
			inputFileListPaths = (
			);
			inputPaths = (
				"${PODS_PODFILE_DIR_PATH}/Podfile.lock",
				"${PODS_ROOT}/Manifest.lock",
			);
			name = "[CP] Check Pods Manifest.lock";
			outputFileListPaths = (
			);
			outputPaths = (
				"$(DERIVED_FILE_DIR)/Pods-WatchList-checkManifestLockResult.txt",
			);
			runOnlyForDeploymentPostprocessing = 0;
			shellPath = /bin/sh;
			shellScript = "diff \"${PODS_PODFILE_DIR_PATH}/Podfile.lock\" \"${PODS_ROOT}/Manifest.lock\" > /dev/null\nif [ $? != 0 ] ; then\n    # print error to STDERR\n    echo \"error: The sandbox is not in sync with the Podfile.lock. Run 'pod install' or update your CocoaPods installation.\" >&2\n    exit 1\nfi\n# This output is used by Xcode 'outputs' to avoid re-running this script phase.\necho \"SUCCESS\" > \"${SCRIPT_OUTPUT_FILE_0}\"\n";
			showEnvVarsInLog = 0;
		};
		FC0336B9460AFEFC48ACFFB3 /* [CP] Check Pods Manifest.lock */ = {
			isa = PBXShellScriptBuildPhase;
			buildActionMask = 2147483647;
			files = (
			);
			inputFileListPaths = (
			);
			inputPaths = (
				"${PODS_PODFILE_DIR_PATH}/Podfile.lock",
				"${PODS_ROOT}/Manifest.lock",
			);
			name = "[CP] Check Pods Manifest.lock";
			outputFileListPaths = (
			);
			outputPaths = (
				"$(DERIVED_FILE_DIR)/Pods-WatchListTests-checkManifestLockResult.txt",
			);
			runOnlyForDeploymentPostprocessing = 0;
			shellPath = /bin/sh;
			shellScript = "diff \"${PODS_PODFILE_DIR_PATH}/Podfile.lock\" \"${PODS_ROOT}/Manifest.lock\" > /dev/null\nif [ $? != 0 ] ; then\n    # print error to STDERR\n    echo \"error: The sandbox is not in sync with the Podfile.lock. Run 'pod install' or update your CocoaPods installation.\" >&2\n    exit 1\nfi\n# This output is used by Xcode 'outputs' to avoid re-running this script phase.\necho \"SUCCESS\" > \"${SCRIPT_OUTPUT_FILE_0}\"\n";
			showEnvVarsInLog = 0;
		};
/* End PBXShellScriptBuildPhase section */

/* Begin PBXSourcesBuildPhase section */
		C3E70368232D2312007B1CD5 /* Sources */ = {
			isa = PBXSourcesBuildPhase;
			buildActionMask = 2147483647;
			files = (
				C3E703A6232D27BB007B1CD5 /* AppCoordinator.swift in Sources */,
				C3E703B3232D2E18007B1CD5 /* MovieCollectionViewCell.swift in Sources */,
				C3E70370232D2312007B1CD5 /* AppDelegate.swift in Sources */,
				C3E703AA232D28F9007B1CD5 /* MoviesListCoordinator.swift in Sources */,
				C3E703B0232D2C33007B1CD5 /* MoviesListViewModel.swift in Sources */,
				C3E703A4232D275F007B1CD5 /* Coordinator.swift in Sources */,
				C3E703AE232D2A44007B1CD5 /* MoviesListViewController.swift in Sources */,
			);
			runOnlyForDeploymentPostprocessing = 0;
		};
		C3E7037C232D2313007B1CD5 /* Sources */ = {
			isa = PBXSourcesBuildPhase;
			buildActionMask = 2147483647;
			files = (
				C3E70385232D2313007B1CD5 /* WatchListTests.swift in Sources */,
			);
			runOnlyForDeploymentPostprocessing = 0;
		};
		C3E70387232D2313007B1CD5 /* Sources */ = {
			isa = PBXSourcesBuildPhase;
			buildActionMask = 2147483647;
			files = (
				C3E70390232D2313007B1CD5 /* WatchListUITests.swift in Sources */,
			);
			runOnlyForDeploymentPostprocessing = 0;
		};
/* End PBXSourcesBuildPhase section */

/* Begin PBXTargetDependency section */
		C3E70382232D2313007B1CD5 /* PBXTargetDependency */ = {
			isa = PBXTargetDependency;
			target = C3E7036B232D2312007B1CD5 /* WatchList */;
			targetProxy = C3E70381232D2313007B1CD5 /* PBXContainerItemProxy */;
		};
		C3E7038D232D2313007B1CD5 /* PBXTargetDependency */ = {
			isa = PBXTargetDependency;
			target = C3E7036B232D2312007B1CD5 /* WatchList */;
			targetProxy = C3E7038C232D2313007B1CD5 /* PBXContainerItemProxy */;
		};
/* End PBXTargetDependency section */

/* Begin PBXVariantGroup section */
		C3E70378232D2313007B1CD5 /* LaunchScreen.storyboard */ = {
			isa = PBXVariantGroup;
			children = (
				C3E70379232D2313007B1CD5 /* Base */,
			);
			name = LaunchScreen.storyboard;
			sourceTree = "<group>";
		};
/* End PBXVariantGroup section */

/* Begin XCBuildConfiguration section */
		C3E70392232D2313007B1CD5 /* Debug */ = {
			isa = XCBuildConfiguration;
			buildSettings = {
				ALWAYS_SEARCH_USER_PATHS = NO;
				CLANG_ANALYZER_NONNULL = YES;
				CLANG_ANALYZER_NUMBER_OBJECT_CONVERSION = YES_AGGRESSIVE;
				CLANG_CXX_LANGUAGE_STANDARD = "gnu++14";
				CLANG_CXX_LIBRARY = "libc++";
				CLANG_ENABLE_MODULES = YES;
				CLANG_ENABLE_OBJC_ARC = YES;
				CLANG_ENABLE_OBJC_WEAK = YES;
				CLANG_WARN_BLOCK_CAPTURE_AUTORELEASING = YES;
				CLANG_WARN_BOOL_CONVERSION = YES;
				CLANG_WARN_COMMA = YES;
				CLANG_WARN_CONSTANT_CONVERSION = YES;
				CLANG_WARN_DEPRECATED_OBJC_IMPLEMENTATIONS = YES;
				CLANG_WARN_DIRECT_OBJC_ISA_USAGE = YES_ERROR;
				CLANG_WARN_DOCUMENTATION_COMMENTS = YES;
				CLANG_WARN_EMPTY_BODY = YES;
				CLANG_WARN_ENUM_CONVERSION = YES;
				CLANG_WARN_INFINITE_RECURSION = YES;
				CLANG_WARN_INT_CONVERSION = YES;
				CLANG_WARN_NON_LITERAL_NULL_CONVERSION = YES;
				CLANG_WARN_OBJC_IMPLICIT_RETAIN_SELF = YES;
				CLANG_WARN_OBJC_LITERAL_CONVERSION = YES;
				CLANG_WARN_OBJC_ROOT_CLASS = YES_ERROR;
				CLANG_WARN_RANGE_LOOP_ANALYSIS = YES;
				CLANG_WARN_STRICT_PROTOTYPES = YES;
				CLANG_WARN_SUSPICIOUS_MOVE = YES;
				CLANG_WARN_UNGUARDED_AVAILABILITY = YES_AGGRESSIVE;
				CLANG_WARN_UNREACHABLE_CODE = YES;
				CLANG_WARN__DUPLICATE_METHOD_MATCH = YES;
				CODE_SIGN_IDENTITY = "iPhone Developer";
				COPY_PHASE_STRIP = NO;
				DEBUG_INFORMATION_FORMAT = dwarf;
				ENABLE_STRICT_OBJC_MSGSEND = YES;
				ENABLE_TESTABILITY = YES;
				GCC_C_LANGUAGE_STANDARD = gnu11;
				GCC_DYNAMIC_NO_PIC = NO;
				GCC_NO_COMMON_BLOCKS = YES;
				GCC_OPTIMIZATION_LEVEL = 0;
				GCC_PREPROCESSOR_DEFINITIONS = (
					"DEBUG=1",
					"$(inherited)",
				);
				GCC_WARN_64_TO_32_BIT_CONVERSION = YES;
				GCC_WARN_ABOUT_RETURN_TYPE = YES_ERROR;
				GCC_WARN_UNDECLARED_SELECTOR = YES;
				GCC_WARN_UNINITIALIZED_AUTOS = YES_AGGRESSIVE;
				GCC_WARN_UNUSED_FUNCTION = YES;
				GCC_WARN_UNUSED_VARIABLE = YES;
				IPHONEOS_DEPLOYMENT_TARGET = 12.2;
				MTL_ENABLE_DEBUG_INFO = INCLUDE_SOURCE;
				MTL_FAST_MATH = YES;
				ONLY_ACTIVE_ARCH = YES;
				SDKROOT = iphoneos;
				SWIFT_ACTIVE_COMPILATION_CONDITIONS = DEBUG;
				SWIFT_OPTIMIZATION_LEVEL = "-Onone";
			};
			name = Debug;
		};
		C3E70393232D2313007B1CD5 /* Release */ = {
			isa = XCBuildConfiguration;
			buildSettings = {
				ALWAYS_SEARCH_USER_PATHS = NO;
				CLANG_ANALYZER_NONNULL = YES;
				CLANG_ANALYZER_NUMBER_OBJECT_CONVERSION = YES_AGGRESSIVE;
				CLANG_CXX_LANGUAGE_STANDARD = "gnu++14";
				CLANG_CXX_LIBRARY = "libc++";
				CLANG_ENABLE_MODULES = YES;
				CLANG_ENABLE_OBJC_ARC = YES;
				CLANG_ENABLE_OBJC_WEAK = YES;
				CLANG_WARN_BLOCK_CAPTURE_AUTORELEASING = YES;
				CLANG_WARN_BOOL_CONVERSION = YES;
				CLANG_WARN_COMMA = YES;
				CLANG_WARN_CONSTANT_CONVERSION = YES;
				CLANG_WARN_DEPRECATED_OBJC_IMPLEMENTATIONS = YES;
				CLANG_WARN_DIRECT_OBJC_ISA_USAGE = YES_ERROR;
				CLANG_WARN_DOCUMENTATION_COMMENTS = YES;
				CLANG_WARN_EMPTY_BODY = YES;
				CLANG_WARN_ENUM_CONVERSION = YES;
				CLANG_WARN_INFINITE_RECURSION = YES;
				CLANG_WARN_INT_CONVERSION = YES;
				CLANG_WARN_NON_LITERAL_NULL_CONVERSION = YES;
				CLANG_WARN_OBJC_IMPLICIT_RETAIN_SELF = YES;
				CLANG_WARN_OBJC_LITERAL_CONVERSION = YES;
				CLANG_WARN_OBJC_ROOT_CLASS = YES_ERROR;
				CLANG_WARN_RANGE_LOOP_ANALYSIS = YES;
				CLANG_WARN_STRICT_PROTOTYPES = YES;
				CLANG_WARN_SUSPICIOUS_MOVE = YES;
				CLANG_WARN_UNGUARDED_AVAILABILITY = YES_AGGRESSIVE;
				CLANG_WARN_UNREACHABLE_CODE = YES;
				CLANG_WARN__DUPLICATE_METHOD_MATCH = YES;
				CODE_SIGN_IDENTITY = "iPhone Developer";
				COPY_PHASE_STRIP = NO;
				DEBUG_INFORMATION_FORMAT = "dwarf-with-dsym";
				ENABLE_NS_ASSERTIONS = NO;
				ENABLE_STRICT_OBJC_MSGSEND = YES;
				GCC_C_LANGUAGE_STANDARD = gnu11;
				GCC_NO_COMMON_BLOCKS = YES;
				GCC_WARN_64_TO_32_BIT_CONVERSION = YES;
				GCC_WARN_ABOUT_RETURN_TYPE = YES_ERROR;
				GCC_WARN_UNDECLARED_SELECTOR = YES;
				GCC_WARN_UNINITIALIZED_AUTOS = YES_AGGRESSIVE;
				GCC_WARN_UNUSED_FUNCTION = YES;
				GCC_WARN_UNUSED_VARIABLE = YES;
				IPHONEOS_DEPLOYMENT_TARGET = 12.2;
				MTL_ENABLE_DEBUG_INFO = NO;
				MTL_FAST_MATH = YES;
				SDKROOT = iphoneos;
				SWIFT_COMPILATION_MODE = wholemodule;
				SWIFT_OPTIMIZATION_LEVEL = "-O";
				VALIDATE_PRODUCT = YES;
			};
			name = Release;
		};
		C3E70395232D2313007B1CD5 /* Debug */ = {
			isa = XCBuildConfiguration;
			baseConfigurationReference = 6FD06A7BF824559D5BD75D51 /* Pods-WatchList.debug.xcconfig */;
			buildSettings = {
				ASSETCATALOG_COMPILER_APPICON_NAME = AppIcon;
				CODE_SIGN_STYLE = Automatic;
				INFOPLIST_FILE = WatchList/Info.plist;
				IPHONEOS_DEPLOYMENT_TARGET = 11;
				LD_RUNPATH_SEARCH_PATHS = (
					"$(inherited)",
					"@executable_path/Frameworks",
				);
				PRODUCT_BUNDLE_IDENTIFIER = com.SilvanoJunior.WatchList;
				PRODUCT_NAME = "$(TARGET_NAME)";
				SWIFT_VERSION = 5.0;
				TARGETED_DEVICE_FAMILY = 1;
			};
			name = Debug;
		};
		C3E70396232D2313007B1CD5 /* Release */ = {
			isa = XCBuildConfiguration;
			baseConfigurationReference = 2B4410D1943882E05A218998 /* Pods-WatchList.release.xcconfig */;
			buildSettings = {
				ASSETCATALOG_COMPILER_APPICON_NAME = AppIcon;
				CODE_SIGN_STYLE = Automatic;
				INFOPLIST_FILE = WatchList/Info.plist;
				IPHONEOS_DEPLOYMENT_TARGET = 11;
				LD_RUNPATH_SEARCH_PATHS = (
					"$(inherited)",
					"@executable_path/Frameworks",
				);
				PRODUCT_BUNDLE_IDENTIFIER = com.SilvanoJunior.WatchList;
				PRODUCT_NAME = "$(TARGET_NAME)";
				SWIFT_VERSION = 5.0;
				TARGETED_DEVICE_FAMILY = 1;
			};
			name = Release;
		};
		C3E70398232D2313007B1CD5 /* Debug */ = {
			isa = XCBuildConfiguration;
			baseConfigurationReference = 9F9B7676F311EF8DD25B2A13 /* Pods-WatchListTests.debug.xcconfig */;
			buildSettings = {
				ALWAYS_EMBED_SWIFT_STANDARD_LIBRARIES = YES;
				BUNDLE_LOADER = "$(TEST_HOST)";
				CODE_SIGN_STYLE = Automatic;
				INFOPLIST_FILE = WatchListTests/Info.plist;
				LD_RUNPATH_SEARCH_PATHS = (
					"$(inherited)",
					"@executable_path/Frameworks",
					"@loader_path/Frameworks",
				);
				PRODUCT_BUNDLE_IDENTIFIER = com.SilvanoJunior.WatchListTests;
				PRODUCT_NAME = "$(TARGET_NAME)";
				SWIFT_VERSION = 5.0;
				TARGETED_DEVICE_FAMILY = "1,2";
				TEST_HOST = "$(BUILT_PRODUCTS_DIR)/WatchList.app/WatchList";
			};
			name = Debug;
		};
		C3E70399232D2313007B1CD5 /* Release */ = {
			isa = XCBuildConfiguration;
			baseConfigurationReference = 72522CF4DEAC569E5C7C0608 /* Pods-WatchListTests.release.xcconfig */;
			buildSettings = {
				ALWAYS_EMBED_SWIFT_STANDARD_LIBRARIES = YES;
				BUNDLE_LOADER = "$(TEST_HOST)";
				CODE_SIGN_STYLE = Automatic;
				INFOPLIST_FILE = WatchListTests/Info.plist;
				LD_RUNPATH_SEARCH_PATHS = (
					"$(inherited)",
					"@executable_path/Frameworks",
					"@loader_path/Frameworks",
				);
				PRODUCT_BUNDLE_IDENTIFIER = com.SilvanoJunior.WatchListTests;
				PRODUCT_NAME = "$(TARGET_NAME)";
				SWIFT_VERSION = 5.0;
				TARGETED_DEVICE_FAMILY = "1,2";
				TEST_HOST = "$(BUILT_PRODUCTS_DIR)/WatchList.app/WatchList";
			};
			name = Release;
		};
		C3E7039B232D2313007B1CD5 /* Debug */ = {
			isa = XCBuildConfiguration;
			baseConfigurationReference = 1E79B04F1C3AEDCC268E672D /* Pods-WatchListUITests.debug.xcconfig */;
			buildSettings = {
				ALWAYS_EMBED_SWIFT_STANDARD_LIBRARIES = YES;
				CODE_SIGN_STYLE = Automatic;
				INFOPLIST_FILE = WatchListUITests/Info.plist;
				LD_RUNPATH_SEARCH_PATHS = (
					"$(inherited)",
					"@executable_path/Frameworks",
					"@loader_path/Frameworks",
				);
				PRODUCT_BUNDLE_IDENTIFIER = com.SilvanoJunior.WatchListUITests;
				PRODUCT_NAME = "$(TARGET_NAME)";
				SWIFT_VERSION = 5.0;
				TARGETED_DEVICE_FAMILY = "1,2";
				TEST_TARGET_NAME = WatchList;
			};
			name = Debug;
		};
		C3E7039C232D2313007B1CD5 /* Release */ = {
			isa = XCBuildConfiguration;
			baseConfigurationReference = 6977E2D2A7E900D133494471 /* Pods-WatchListUITests.release.xcconfig */;
			buildSettings = {
				ALWAYS_EMBED_SWIFT_STANDARD_LIBRARIES = YES;
				CODE_SIGN_STYLE = Automatic;
				INFOPLIST_FILE = WatchListUITests/Info.plist;
				LD_RUNPATH_SEARCH_PATHS = (
					"$(inherited)",
					"@executable_path/Frameworks",
					"@loader_path/Frameworks",
				);
				PRODUCT_BUNDLE_IDENTIFIER = com.SilvanoJunior.WatchListUITests;
				PRODUCT_NAME = "$(TARGET_NAME)";
				SWIFT_VERSION = 5.0;
				TARGETED_DEVICE_FAMILY = "1,2";
				TEST_TARGET_NAME = WatchList;
			};
			name = Release;
		};
/* End XCBuildConfiguration section */

/* Begin XCConfigurationList section */
		C3E70367232D2312007B1CD5 /* Build configuration list for PBXProject "WatchList" */ = {
			isa = XCConfigurationList;
			buildConfigurations = (
				C3E70392232D2313007B1CD5 /* Debug */,
				C3E70393232D2313007B1CD5 /* Release */,
			);
			defaultConfigurationIsVisible = 0;
			defaultConfigurationName = Release;
		};
		C3E70394232D2313007B1CD5 /* Build configuration list for PBXNativeTarget "WatchList" */ = {
			isa = XCConfigurationList;
			buildConfigurations = (
				C3E70395232D2313007B1CD5 /* Debug */,
				C3E70396232D2313007B1CD5 /* Release */,
			);
			defaultConfigurationIsVisible = 0;
			defaultConfigurationName = Release;
		};
		C3E70397232D2313007B1CD5 /* Build configuration list for PBXNativeTarget "WatchListTests" */ = {
			isa = XCConfigurationList;
			buildConfigurations = (
				C3E70398232D2313007B1CD5 /* Debug */,
				C3E70399232D2313007B1CD5 /* Release */,
			);
			defaultConfigurationIsVisible = 0;
			defaultConfigurationName = Release;
		};
		C3E7039A232D2313007B1CD5 /* Build configuration list for PBXNativeTarget "WatchListUITests" */ = {
			isa = XCConfigurationList;
			buildConfigurations = (
				C3E7039B232D2313007B1CD5 /* Debug */,
				C3E7039C232D2313007B1CD5 /* Release */,
			);
			defaultConfigurationIsVisible = 0;
			defaultConfigurationName = Release;
		};
/* End XCConfigurationList section */
	};
	rootObject = C3E70364232D2312007B1CD5 /* Project object */;
}
